
Microsoft Visual Studio Solution File, Format Version 12.00
# Visual Studio 15
VisualStudioVersion = 15.0.27703.2042
MinimumVisualStudioVersion = 10.0.40219.1
Project("{FAE04EC0-301F-11D3-BF4B-00C04F79EFBC}") = "FirstLib", "FirstLib\FirstLib.csproj", "{8A87E2DE-D98F-40A2-A5A2-60A982C37F30}"
EndProject
Project("{FAE04EC0-301F-11D3-BF4B-00C04F79EFBC}") = "App", "App\App.csproj", "{19801A6D-58EF-47DC-BF58-ABFC0CA5580F}"
EndProject
Global
	GlobalSection(SolutionConfigurationPlatforms) = preSolution
		Debug|Any CPU = Debug|Any CPU
		Release|Any CPU = Release|Any CPU
	EndGlobalSection
	GlobalSection(ProjectConfigurationPlatforms) = postSolution
		{8A87E2DE-D98F-40A2-A5A2-60A982C37F30}.Debug|Any CPU.ActiveCfg = Debug|Any CPU
		{8A87E2DE-D98F-40A2-A5A2-60A982C37F30}.Debug|Any CPU.Build.0 = Debug|Any CPU
		{8A87E2DE-D98F-40A2-A5A2-60A982C37F30}.Release|Any CPU.ActiveCfg = Release|Any CPU
		{8A87E2DE-D98F-40A2-A5A2-60A982C37F30}.Release|Any CPU.Build.0 = Release|Any CPU
		{19801A6D-58EF-47DC-BF58-ABFC0CA5580F}.Debug|Any CPU.ActiveCfg = Debug|Any CPU
		{19801A6D-58EF-47DC-BF58-ABFC0CA5580F}.Debug|Any CPU.Build.0 = Debug|Any CPU
		{19801A6D-58EF-47DC-BF58-ABFC0CA5580F}.Release|Any CPU.ActiveCfg = Release|Any CPU
		{19801A6D-58EF-47DC-BF58-ABFC0CA5580F}.Release|Any CPU.Build.0 = Release|Any CPU
	EndGlobalSection
	GlobalSection(SolutionProperties) = preSolution
		HideSolutionNode = FALSE
	EndGlobalSection
	GlobalSection(ExtensibilityGlobals) = postSolution
		SolutionGuid = {416A4436-C1C1-4242-948B-746BF31D8AD4}
	EndGlobalSection
EndGlobal
