
Microsoft Visual Studio Solution File, Format Version 12.00
# Visual Studio 15
VisualStudioVersion = 15.0.27130.2024
MinimumVisualStudioVersion = 10.0.40219.1
Project("{FAE04EC0-301F-11D3-BF4B-00C04F79EFBC}") = "Graph", "Graph\Graph.csproj", "{829B95DE-ADAE-4C11-8051-7D5E9F9AC021}"
EndProject
Global
	GlobalSection(SolutionConfigurationPlatforms) = preSolution
		Debug|Any CPU = Debug|Any CPU
		Release|Any CPU = Release|Any CPU
	EndGlobalSection
	GlobalSection(ProjectConfigurationPlatforms) = postSolution
		{829B95DE-ADAE-4C11-8051-7D5E9F9AC021}.Debug|Any CPU.ActiveCfg = Debug|Any CPU
		{829B95DE-ADAE-4C11-8051-7D5E9F9AC021}.Debug|Any CPU.Build.0 = Debug|Any CPU
		{829B95DE-ADAE-4C11-8051-7D5E9F9AC021}.Release|Any CPU.ActiveCfg = Release|Any CPU
		{829B95DE-ADAE-4C11-8051-7D5E9F9AC021}.Release|Any CPU.Build.0 = Release|Any CPU
	EndGlobalSection
	GlobalSection(SolutionProperties) = preSolution
		HideSolutionNode = FALSE
	EndGlobalSection
	GlobalSection(ExtensibilityGlobals) = postSolution
		SolutionGuid = {5DF231E6-2A04-4A8B-8774-2619EC20B1C6}
	EndGlobalSection
EndGlobal
