
Microsoft Visual Studio Solution File, Format Version 12.00
# Visual Studio 15
VisualStudioVersion = 15.0.27130.2024
MinimumVisualStudioVersion = 10.0.40219.1
Project("{FAE04EC0-301F-11D3-BF4B-00C04F79EFBC}") = "Phonebook", "Phonebook\Phonebook.csproj", "{3CBAB0BD-2E34-4E24-878E-156753521C06}"
EndProject
Global
	GlobalSection(SolutionConfigurationPlatforms) = preSolution
		Debug|Any CPU = Debug|Any CPU
		Release|Any CPU = Release|Any CPU
	EndGlobalSection
	GlobalSection(ProjectConfigurationPlatforms) = postSolution
		{3CBAB0BD-2E34-4E24-878E-156753521C06}.Debug|Any CPU.ActiveCfg = Debug|Any CPU
		{3CBAB0BD-2E34-4E24-878E-156753521C06}.Debug|Any CPU.Build.0 = Debug|Any CPU
		{3CBAB0BD-2E34-4E24-878E-156753521C06}.Release|Any CPU.ActiveCfg = Release|Any CPU
		{3CBAB0BD-2E34-4E24-878E-156753521C06}.Release|Any CPU.Build.0 = Release|Any CPU
	EndGlobalSection
	GlobalSection(SolutionProperties) = preSolution
		HideSolutionNode = FALSE
	EndGlobalSection
	GlobalSection(ExtensibilityGlobals) = postSolution
		SolutionGuid = {FD82156B-1604-4A74-990F-133B23FE4019}
	EndGlobalSection
EndGlobal
