
Microsoft Visual Studio Solution File, Format Version 12.00
# Visual Studio 15
VisualStudioVersion = 15.0.27703.2042
MinimumVisualStudioVersion = 10.0.40219.1
Project("{FAE04EC0-301F-11D3-BF4B-00C04F79EFBC}") = "Parser", "Parser\Parser.csproj", "{73A46A1C-CF31-4112-97BD-BB03A0FF2244}"
EndProject
Global
	GlobalSection(SolutionConfigurationPlatforms) = preSolution
		Debug|Any CPU = Debug|Any CPU
		Release|Any CPU = Release|Any CPU
	EndGlobalSection
	GlobalSection(ProjectConfigurationPlatforms) = postSolution
		{73A46A1C-CF31-4112-97BD-BB03A0FF2244}.Debug|Any CPU.ActiveCfg = Debug|Any CPU
		{73A46A1C-CF31-4112-97BD-BB03A0FF2244}.Debug|Any CPU.Build.0 = Debug|Any CPU
		{73A46A1C-CF31-4112-97BD-BB03A0FF2244}.Release|Any CPU.ActiveCfg = Release|Any CPU
		{73A46A1C-CF31-4112-97BD-BB03A0FF2244}.Release|Any CPU.Build.0 = Release|Any CPU
	EndGlobalSection
	GlobalSection(SolutionProperties) = preSolution
		HideSolutionNode = FALSE
	EndGlobalSection
	GlobalSection(ExtensibilityGlobals) = postSolution
		SolutionGuid = {04C33430-21C4-464A-85BF-18D91E653159}
	EndGlobalSection
EndGlobal
